FORGE_RELEASE_VERSION="forge Version: 1.1.0-v1.1.0"
FORGE_RELEASE_SHA256="abb7c99267e0bd7dcb1311e6ee0e966c07b9801b16831ef992a2c5c7de4cfdd7"
CAST_RELEASE_SHA256="c6058c3c60a54762c5decc813c0b743c7c4a5561f37508f361a9d2c185593f1b"
ANVIL_RELEASE_SHA256="19621373a49103712ed96fca93120102045e915cf851f98d9f5ecb08f7ced4eb"
SOLC_VERSION="0.8.36"
SOLC_RELEASE_SHA256="c8d35afdddc3cd2743ee88b8f25e0fecd16e2bdd5f2120f37e52cd9cc45ae0e6"
FORGE_STD_VERSION="v1.9.7"
FORGE_STD_REVISION="77041d2ce690e692d6e03cc812b57d1ddaa4d505"
FORGE_STD_CONTENT_SHA256="b8534c2973dead7287e6dcb03de27e19bd8c5d5047ccc40bd3e4ce717b79bf6f"
ECHIDNA_IMAGE="ghcr.io/crytic/echidna/echidna@sha256:8546f6705d46aea2cdf8309a251ad0946c7f92b7d3eb0b968fba37e3afbf131c"
PYTHON_VERSION_PREFIX="Python 3.12.3"
JQ_VERSION_PREFIX="jq-1.7"
SOLHINT_VERSION_PREFIX="5.1.0"
RIPGREP_VERSION="ripgrep 14.1.0"
SLITHER_VERSION="0.10.4"
MYTHRIL_IMAGE_LOCK="mythril/myth@sha256:49e11758e359d0b410f648df5bbcba28a52e091a78e4772b5c02b9043666b4ff"
MYTHRIL_MAX_DEPTH_LOCK="8"
MYTHRIL_TRANSACTION_COUNT_LOCK="1"
MYTHRIL_EXECUTION_TIMEOUT_LOCK="15"
MYTHRIL_SOLVER_TIMEOUT_MS_LOCK="8000"
MYTHRIL_WALL_TIMEOUT_SECONDS_LOCK="120"
