ESSO_COMMIT=7f80c6216be85c827e8d1cc2fa08ee3107a74588
MORPH_COMMIT=4e2b68d0c21a0b71b61cf89db8e6ab3285eb692f
ZAG_COMMIT=dec47cd7f53a0e5120e2e68522e2728c8fb77871
BITTENSOR_COMMIT=c3751f0c1da9f6f8ee1048de5ccf3796223cbcf0
GO_PULSE_COMMIT=a224d91967a31c2c3080a8f75784d8de13c80b7b
ORCH_UNIT_COMMIT=96977f48f7eb2a2cf605fed7d7f4c8ecaf8ee1a4

FORGE_VERSION_PREFIX="forge Version: 1.1.0-stable"
Z3_VERSION_PREFIX="Z3 version 4.15.4"
CVC5_VERSION_PREFIX="This is cvc5 version 1.1.2"
LAKE_VERSION_PREFIX="Lake version 5.0.0-src+7e01a1b"
PYTHON_VERSION_PREFIX="Python 3.12.3"
DOCKER_VERSION_PREFIX="Docker version 29.1.3"
JQ_VERSION_PREFIX="jq-1.7"
SOLHINT_VERSION_PREFIX="5.1.0"
